
Microsoft Visual Studio Solution File, Format Version 12.00
# Visual Studio Version 17
VisualStudioVersion = 17.3.32825.248
MinimumVisualStudioVersion = 10.0.40219.1
Project("{888888A0-9F3D-457C-B088-3A5042F75D52}") = "FinalExamStudy", "FinalExamStudy.pyproj", "{D39C364A-6541-45BB-8923-5DCD9588A3EE}"
EndProject
Global
	GlobalSection(SolutionConfigurationPlatforms) = preSolution
		Debug|Any CPU = Debug|Any CPU
		Release|Any CPU = Release|Any CPU
	EndGlobalSection
	GlobalSection(ProjectConfigurationPlatforms) = postSolution
		{D39C364A-6541-45BB-8923-5DCD9588A3EE}.Debug|Any CPU.ActiveCfg = Debug|Any CPU
		{D39C364A-6541-45BB-8923-5DCD9588A3EE}.Release|Any CPU.ActiveCfg = Release|Any CPU
	EndGlobalSection
	GlobalSection(SolutionProperties) = preSolution
		HideSolutionNode = FALSE
	EndGlobalSection
	GlobalSection(ExtensibilityGlobals) = postSolution
		SolutionGuid = {EF0AE612-A150-4A2A-9945-771180C89F7C}
	EndGlobalSection
EndGlobal
