
Microsoft Visual Studio Solution File, Format Version 12.00
# Visual Studio Version 17
VisualStudioVersion = 17.4.33403.182
MinimumVisualStudioVersion = 10.0.40219.1
Project("{F2A71F9B-5D33-465A-A702-920D77279786}") = "Fibonacci", "Fibonacci.fsproj", "{242441A0-5CCE-4341-ADF5-CD48A1B1740A}"
EndProject
Global
	GlobalSection(SolutionConfigurationPlatforms) = preSolution
		Debug|Any CPU = Debug|Any CPU
		Release|Any CPU = Release|Any CPU
	EndGlobalSection
	GlobalSection(ProjectConfigurationPlatforms) = postSolution
		{242441A0-5CCE-4341-ADF5-CD48A1B1740A}.Debug|Any CPU.ActiveCfg = Debug|Any CPU
		{242441A0-5CCE-4341-ADF5-CD48A1B1740A}.Debug|Any CPU.Build.0 = Debug|Any CPU
		{242441A0-5CCE-4341-ADF5-CD48A1B1740A}.Release|Any CPU.ActiveCfg = Release|Any CPU
		{242441A0-5CCE-4341-ADF5-CD48A1B1740A}.Release|Any CPU.Build.0 = Release|Any CPU
	EndGlobalSection
	GlobalSection(SolutionProperties) = preSolution
		HideSolutionNode = FALSE
	EndGlobalSection
	GlobalSection(ExtensibilityGlobals) = postSolution
		SolutionGuid = {7FB0185C-5091-43D8-8616-B636AB0131FB}
	EndGlobalSection
EndGlobal
